// !$*UTF8*$!
{
	archiveVersion = 1;
	classes = {
	};
	objectVersion = 50;
	objects = {

/* Begin PBXBuildFile section */
		A52732C0241ACB54009E58C4 /* AppDelegate.swift in Sources */ = {isa = PBXBuildFile; fileRef = A52732BF241ACB54009E58C4 /* AppDelegate.swift */; };
		A52732C6241ACB54009E58C4 /* GameScene.swift in Sources */ = {isa = PBXBuildFile; fileRef = A52732C5241ACB54009E58C4 /* GameScene.swift */; };
		A52732C8241ACB54009E58C4 /* GameViewController.swift in Sources */ = {isa = PBXBuildFile; fileRef = A52732C7241ACB54009E58C4 /* GameViewController.swift */; };
		A52732CD241ACB5A009E58C4 /* Assets.xcassets in Resources */ = {isa = PBXBuildFile; fileRef = A52732CC241ACB5A009E58C4 /* Assets.xcassets */; };
		A52732D0241ACB5A009E58C4 /* LaunchScreen.storyboard in Resources */ = {isa = PBXBuildFile; fileRef = A52732CE241ACB5A009E58C4 /* LaunchScreen.storyboard */; };
		A52732EA241ACF1B009E58C4 /* Event.swift in Sources */ = {isa = PBXBuildFile; fileRef = A52732D9241ACF1A009E58C4 /* Event.swift */; };
		A52732EB241ACF1B009E58C4 /* PriorityQueue.swift in Sources */ = {isa = PBXBuildFile; fileRef = A52732DB241ACF1A009E58C4 /* PriorityQueue.swift */; };
		A52732EC241ACF1B009E58C4 /* Diagram.swift in Sources */ = {isa = PBXBuildFile; fileRef = A52732DC241ACF1A009E58C4 /* Diagram.swift */; };
		A52732ED241ACF1B009E58C4 /* FortuneSweep.swift in Sources */ = {isa = PBXBuildFile; fileRef = A52732DD241ACF1A009E58C4 /* FortuneSweep.swift */; };
		A52732EE241ACF1B009E58C4 /* Debug.swift in Sources */ = {isa = PBXBuildFile; fileRef = A52732DE241ACF1A009E58C4 /* Debug.swift */; };
		A52732EF241ACF1B009E58C4 /* LineSegment.swift in Sources */ = {isa = PBXBuildFile; fileRef = A52732E0241ACF1A009E58C4 /* LineSegment.swift */; };
		A52732F0241ACF1B009E58C4 /* Parabola.swift in Sources */ = {isa = PBXBuildFile; fileRef = A52732E1241ACF1A009E58C4 /* Parabola.swift */; };
		A52732F1241ACF1B009E58C4 /* LiangBarsky.swift in Sources */ = {isa = PBXBuildFile; fileRef = A52732E2241ACF1A009E58C4 /* LiangBarsky.swift */; };
		A52732F2241ACF1B009E58C4 /* Size.swift in Sources */ = {isa = PBXBuildFile; fileRef = A52732E3241ACF1A009E58C4 /* Size.swift */; };
		A52732F3241ACF1B009E58C4 /* Vector.swift in Sources */ = {isa = PBXBuildFile; fileRef = A52732E4241ACF1A009E58C4 /* Vector.swift */; };
		A52732F4241ACF1B009E58C4 /* Site.swift in Sources */ = {isa = PBXBuildFile; fileRef = A52732E5241ACF1A009E58C4 /* Site.swift */; };
		A52732F5241ACF1B009E58C4 /* Precision.swift in Sources */ = {isa = PBXBuildFile; fileRef = A52732E6241ACF1A009E58C4 /* Precision.swift */; };
		A52732F6241ACF1B009E58C4 /* Circle.swift in Sources */ = {isa = PBXBuildFile; fileRef = A52732E7241ACF1A009E58C4 /* Circle.swift */; };
		A52732F7241ACF1B009E58C4 /* Rectangle.swift in Sources */ = {isa = PBXBuildFile; fileRef = A52732E8241ACF1A009E58C4 /* Rectangle.swift */; };
		A52732F8241ACF1B009E58C4 /* Beachline.swift in Sources */ = {isa = PBXBuildFile; fileRef = A52732E9241ACF1A009E58C4 /* Beachline.swift */; };
		A52732FA241AD6F8009E58C4 /* Math.swift in Sources */ = {isa = PBXBuildFile; fileRef = A52732F9241AD6F8009E58C4 /* Math.swift */; };
		A52732FC241AD7C3009E58C4 /* UIBezierPath+RoundedCorners.swift in Sources */ = {isa = PBXBuildFile; fileRef = A52732FB241AD7C2009E58C4 /* UIBezierPath+RoundedCorners.swift */; };
/* End PBXBuildFile section */

/* Begin PBXFileReference section */
		A52732BC241ACB54009E58C4 /* SpriteKitDemo.app */ = {isa = PBXFileReference; explicitFileType = wrapper.application; includeInIndex = 0; path = SpriteKitDemo.app; sourceTree = BUILT_PRODUCTS_DIR; };
		A52732BF241ACB54009E58C4 /* AppDelegate.swift */ = {isa = PBXFileReference; lastKnownFileType = sourcecode.swift; path = AppDelegate.swift; sourceTree = "<group>"; };
		A52732C5241ACB54009E58C4 /* GameScene.swift */ = {isa = PBXFileReference; lastKnownFileType = sourcecode.swift; path = GameScene.swift; sourceTree = "<group>"; };
		A52732C7241ACB54009E58C4 /* GameViewController.swift */ = {isa = PBXFileReference; lastKnownFileType = sourcecode.swift; path = GameViewController.swift; sourceTree = "<group>"; };
		A52732CC241ACB5A009E58C4 /* Assets.xcassets */ = {isa = PBXFileReference; lastKnownFileType = folder.assetcatalog; path = Assets.xcassets; sourceTree = "<group>"; };
		A52732CF241ACB5A009E58C4 /* Base */ = {isa = PBXFileReference; lastKnownFileType = file.storyboard; name = Base; path = Base.lproj/LaunchScreen.storyboard; sourceTree = "<group>"; };
		A52732D1241ACB5A009E58C4 /* Info.plist */ = {isa = PBXFileReference; lastKnownFileType = text.plist.xml; path = Info.plist; sourceTree = "<group>"; };
		A52732D7241ACC28009E58C4 /* SpriteKitDemo.entitlements */ = {isa = PBXFileReference; lastKnownFileType = text.plist.entitlements; path = SpriteKitDemo.entitlements; sourceTree = "<group>"; };
		A52732D9241ACF1A009E58C4 /* Event.swift */ = {isa = PBXFileReference; fileEncoding = 4; lastKnownFileType = sourcecode.swift; path = Event.swift; sourceTree = "<group>"; };
		A52732DB241ACF1A009E58C4 /* PriorityQueue.swift */ = {isa = PBXFileReference; fileEncoding = 4; lastKnownFileType = sourcecode.swift; path = PriorityQueue.swift; sourceTree = "<group>"; };
		A52732DC241ACF1A009E58C4 /* Diagram.swift */ = {isa = PBXFileReference; fileEncoding = 4; lastKnownFileType = sourcecode.swift; path = Diagram.swift; sourceTree = "<group>"; };
		A52732DD241ACF1A009E58C4 /* FortuneSweep.swift */ = {isa = PBXFileReference; fileEncoding = 4; lastKnownFileType = sourcecode.swift; path = FortuneSweep.swift; sourceTree = "<group>"; };
		A52732DE241ACF1A009E58C4 /* Debug.swift */ = {isa = PBXFileReference; fileEncoding = 4; lastKnownFileType = sourcecode.swift; path = Debug.swift; sourceTree = "<group>"; };
		A52732E0241ACF1A009E58C4 /* LineSegment.swift */ = {isa = PBXFileReference; fileEncoding = 4; lastKnownFileType = sourcecode.swift; path = LineSegment.swift; sourceTree = "<group>"; };
		A52732E1241ACF1A009E58C4 /* Parabola.swift */ = {isa = PBXFileReference; fileEncoding = 4; lastKnownFileType = sourcecode.swift; path = Parabola.swift; sourceTree = "<group>"; };
		A52732E2241ACF1A009E58C4 /* LiangBarsky.swift */ = {isa = PBXFileReference; fileEncoding = 4; lastKnownFileType = sourcecode.swift; path = LiangBarsky.swift; sourceTree = "<group>"; };
		A52732E3241ACF1A009E58C4 /* Size.swift */ = {isa = PBXFileReference; fileEncoding = 4; lastKnownFileType = sourcecode.swift; path = Size.swift; sourceTree = "<group>"; };
		A52732E4241ACF1A009E58C4 /* Vector.swift */ = {isa = PBXFileReference; fileEncoding = 4; lastKnownFileType = sourcecode.swift; path = Vector.swift; sourceTree = "<group>"; };
		A52732E5241ACF1A009E58C4 /* Site.swift */ = {isa = PBXFileReference; fileEncoding = 4; lastKnownFileType = sourcecode.swift; path = Site.swift; sourceTree = "<group>"; };
		A52732E6241ACF1A009E58C4 /* Precision.swift */ = {isa = PBXFileReference; fileEncoding = 4; lastKnownFileType = sourcecode.swift; path = Precision.swift; sourceTree = "<group>"; };
		A52732E7241ACF1A009E58C4 /* Circle.swift */ = {isa = PBXFileReference; fileEncoding = 4; lastKnownFileType = sourcecode.swift; path = Circle.swift; sourceTree = "<group>"; };
		A52732E8241ACF1A009E58C4 /* Rectangle.swift */ = {isa = PBXFileReference; fileEncoding = 4; lastKnownFileType = sourcecode.swift; path = Rectangle.swift; sourceTree = "<group>"; };
		A52732E9241ACF1A009E58C4 /* Beachline.swift */ = {isa = PBXFileReference; fileEncoding = 4; lastKnownFileType = sourcecode.swift; path = Beachline.swift; sourceTree = "<group>"; };
		A52732F9241AD6F8009E58C4 /* Math.swift */ = {isa = PBXFileReference; fileEncoding = 4; lastKnownFileType = sourcecode.swift; name = Math.swift; path = ../../Demo/Demo/Math.swift; sourceTree = "<group>"; };
		A52732FB241AD7C2009E58C4 /* UIBezierPath+RoundedCorners.swift */ = {isa = PBXFileReference; fileEncoding = 4; lastKnownFileType = sourcecode.swift; name = "UIBezierPath+RoundedCorners.swift"; path = "../../Demo/Demo/UIBezierPath+RoundedCorners.swift"; sourceTree = "<group>"; };
/* End PBXFileReference section */

/* Begin PBXFrameworksBuildPhase section */
		A52732B9241ACB54009E58C4 /* Frameworks */ = {
			isa = PBXFrameworksBuildPhase;
			buildActionMask = 2147483647;
			files = (
			);
			runOnlyForDeploymentPostprocessing = 0;
		};
/* End PBXFrameworksBuildPhase section */

/* Begin PBXGroup section */
		A52732B3241ACB54009E58C4 = {
			isa = PBXGroup;
			children = (
				A52732D8241ACF1A009E58C4 /* FortunesAlgorithm */,
				A52732BE241ACB54009E58C4 /* SpriteKitDemo */,
				A52732BD241ACB54009E58C4 /* Products */,
			);
			sourceTree = "<group>";
		};
		A52732BD241ACB54009E58C4 /* Products */ = {
			isa = PBXGroup;
			children = (
				A52732BC241ACB54009E58C4 /* SpriteKitDemo.app */,
			);
			name = Products;
			sourceTree = "<group>";
		};
		A52732BE241ACB54009E58C4 /* SpriteKitDemo */ = {
			isa = PBXGroup;
			children = (
				A52732FB241AD7C2009E58C4 /* UIBezierPath+RoundedCorners.swift */,
				A52732F9241AD6F8009E58C4 /* Math.swift */,
				A52732D7241ACC28009E58C4 /* SpriteKitDemo.entitlements */,
				A52732BF241ACB54009E58C4 /* AppDelegate.swift */,
				A52732C5241ACB54009E58C4 /* GameScene.swift */,
				A52732C7241ACB54009E58C4 /* GameViewController.swift */,
				A52732CC241ACB5A009E58C4 /* Assets.xcassets */,
				A52732CE241ACB5A009E58C4 /* LaunchScreen.storyboard */,
				A52732D1241ACB5A009E58C4 /* Info.plist */,
			);
			path = SpriteKitDemo;
			sourceTree = "<group>";
		};
		A52732D8241ACF1A009E58C4 /* FortunesAlgorithm */ = {
			isa = PBXGroup;
			children = (
				A52732D9241ACF1A009E58C4 /* Event.swift */,
				A52732DA241ACF1A009E58C4 /* DataStructures */,
				A52732DC241ACF1A009E58C4 /* Diagram.swift */,
				A52732DD241ACF1A009E58C4 /* FortuneSweep.swift */,
				A52732DE241ACF1A009E58C4 /* Debug.swift */,
				A52732DF241ACF1A009E58C4 /* Geometry */,
				A52732E9241ACF1A009E58C4 /* Beachline.swift */,
			);
			name = FortunesAlgorithm;
			path = ../Sources/FortunesAlgorithm;
			sourceTree = "<group>";
		};
		A52732DA241ACF1A009E58C4 /* DataStructures */ = {
			isa = PBXGroup;
			children = (
				A52732DB241ACF1A009E58C4 /* PriorityQueue.swift */,
			);
			path = DataStructures;
			sourceTree = "<group>";
		};
		A52732DF241ACF1A009E58C4 /* Geometry */ = {
			isa = PBXGroup;
			children = (
				A52732E0241ACF1A009E58C4 /* LineSegment.swift */,
				A52732E1241ACF1A009E58C4 /* Parabola.swift */,
				A52732E2241ACF1A009E58C4 /* LiangBarsky.swift */,
				A52732E3241ACF1A009E58C4 /* Size.swift */,
				A52732E4241ACF1A009E58C4 /* Vector.swift */,
				A52732E5241ACF1A009E58C4 /* Site.swift */,
				A52732E6241ACF1A009E58C4 /* Precision.swift */,
				A52732E7241ACF1A009E58C4 /* Circle.swift */,
				A52732E8241ACF1A009E58C4 /* Rectangle.swift */,
			);
			path = Geometry;
			sourceTree = "<group>";
		};
/* End PBXGroup section */

/* Begin PBXNativeTarget section */
		A52732BB241ACB54009E58C4 /* SpriteKitDemo */ = {
			isa = PBXNativeTarget;
			buildConfigurationList = A52732D4241ACB5A009E58C4 /* Build configuration list for PBXNativeTarget "SpriteKitDemo" */;
			buildPhases = (
				A52732B8241ACB54009E58C4 /* Sources */,
				A52732B9241ACB54009E58C4 /* Frameworks */,
				A52732BA241ACB54009E58C4 /* Resources */,
			);
			buildRules = (
			);
			dependencies = (
			);
			name = SpriteKitDemo;
			productName = SpriteKitDemo;
			productReference = A52732BC241ACB54009E58C4 /* SpriteKitDemo.app */;
			productType = "com.apple.product-type.application";
		};
/* End PBXNativeTarget section */

/* Begin PBXProject section */
		A52732B4241ACB54009E58C4 /* Project object */ = {
			isa = PBXProject;
			attributes = {
				LastSwiftUpdateCheck = 1130;
				LastUpgradeCheck = 1130;
				ORGANIZATIONNAME = "Oleksandr Glagoliev";
				TargetAttributes = {
					A52732BB241ACB54009E58C4 = {
						CreatedOnToolsVersion = 11.3.1;
					};
				};
			};
			buildConfigurationList = A52732B7241ACB54009E58C4 /* Build configuration list for PBXProject "SpriteKitDemo" */;
			compatibilityVersion = "Xcode 9.3";
			developmentRegion = en;
			hasScannedForEncodings = 0;
			knownRegions = (
				en,
				Base,
			);
			mainGroup = A52732B3241ACB54009E58C4;
			productRefGroup = A52732BD241ACB54009E58C4 /* Products */;
			projectDirPath = "";
			projectRoot = "";
			targets = (
				A52732BB241ACB54009E58C4 /* SpriteKitDemo */,
			);
		};
/* End PBXProject section */

/* Begin PBXResourcesBuildPhase section */
		A52732BA241ACB54009E58C4 /* Resources */ = {
			isa = PBXResourcesBuildPhase;
			buildActionMask = 2147483647;
			files = (
				A52732CD241ACB5A009E58C4 /* Assets.xcassets in Resources */,
				A52732D0241ACB5A009E58C4 /* LaunchScreen.storyboard in Resources */,
			);
			runOnlyForDeploymentPostprocessing = 0;
		};
/* End PBXResourcesBuildPhase section */

/* Begin PBXSourcesBuildPhase section */
		A52732B8241ACB54009E58C4 /* Sources */ = {
			isa = PBXSourcesBuildPhase;
			buildActionMask = 2147483647;
			files = (
				A52732FC241AD7C3009E58C4 /* UIBezierPath+RoundedCorners.swift in Sources */,
				A52732F4241ACF1B009E58C4 /* Site.swift in Sources */,
				A52732EA241ACF1B009E58C4 /* Event.swift in Sources */,
				A52732C6241ACB54009E58C4 /* GameScene.swift in Sources */,
				A52732F8241ACF1B009E58C4 /* Beachline.swift in Sources */,
				A52732F1241ACF1B009E58C4 /* LiangBarsky.swift in Sources */,
				A52732EF241ACF1B009E58C4 /* LineSegment.swift in Sources */,
				A52732F5241ACF1B009E58C4 /* Precision.swift in Sources */,
				A52732F2241ACF1B009E58C4 /* Size.swift in Sources */,
				A52732EB241ACF1B009E58C4 /* PriorityQueue.swift in Sources */,
				A52732C8241ACB54009E58C4 /* GameViewController.swift in Sources */,
				A52732F6241ACF1B009E58C4 /* Circle.swift in Sources */,
				A52732F7241ACF1B009E58C4 /* Rectangle.swift in Sources */,
				A52732ED241ACF1B009E58C4 /* FortuneSweep.swift in Sources */,
				A52732F3241ACF1B009E58C4 /* Vector.swift in Sources */,
				A52732FA241AD6F8009E58C4 /* Math.swift in Sources */,
				A52732EE241ACF1B009E58C4 /* Debug.swift in Sources */,
				A52732F0241ACF1B009E58C4 /* Parabola.swift in Sources */,
				A52732C0241ACB54009E58C4 /* AppDelegate.swift in Sources */,
				A52732EC241ACF1B009E58C4 /* Diagram.swift in Sources */,
			);
			runOnlyForDeploymentPostprocessing = 0;
		};
/* End PBXSourcesBuildPhase section */

/* Begin PBXVariantGroup section */
		A52732CE241ACB5A009E58C4 /* LaunchScreen.storyboard */ = {
			isa = PBXVariantGroup;
			children = (
				A52732CF241ACB5A009E58C4 /* Base */,
			);
			name = LaunchScreen.storyboard;
			sourceTree = "<group>";
		};
/* End PBXVariantGroup section */

/* Begin XCBuildConfiguration section */
		A52732D2241ACB5A009E58C4 /* Debug */ = {
			isa = XCBuildConfiguration;
			buildSettings = {
				ALWAYS_SEARCH_USER_PATHS = NO;
				CLANG_ANALYZER_NONNULL = YES;
				CLANG_ANALYZER_NUMBER_OBJECT_CONVERSION = YES_AGGRESSIVE;
				CLANG_CXX_LANGUAGE_STANDARD = "gnu++14";
				CLANG_CXX_LIBRARY = "libc++";
				CLANG_ENABLE_MODULES = YES;
				CLANG_ENABLE_OBJC_ARC = YES;
				CLANG_ENABLE_OBJC_WEAK = YES;
				CLANG_WARN_BLOCK_CAPTURE_AUTORELEASING = YES;
				CLANG_WARN_BOOL_CONVERSION = YES;
				CLANG_WARN_COMMA = YES;
				CLANG_WARN_CONSTANT_CONVERSION = YES;
				CLANG_WARN_DEPRECATED_OBJC_IMPLEMENTATIONS = YES;
				CLANG_WARN_DIRECT_OBJC_ISA_USAGE = YES_ERROR;
				CLANG_WARN_DOCUMENTATION_COMMENTS = YES;
				CLANG_WARN_EMPTY_BODY = YES;
				CLANG_WARN_ENUM_CONVERSION = YES;
				CLANG_WARN_INFINITE_RECURSION = YES;
				CLANG_WARN_INT_CONVERSION = YES;
				CLANG_WARN_NON_LITERAL_NULL_CONVERSION = YES;
				CLANG_WARN_OBJC_IMPLICIT_RETAIN_SELF = YES;
				CLANG_WARN_OBJC_LITERAL_CONVERSION = YES;
				CLANG_WARN_OBJC_ROOT_CLASS = YES_ERROR;
				CLANG_WARN_RANGE_LOOP_ANALYSIS = YES;
				CLANG_WARN_STRICT_PROTOTYPES = YES;
				CLANG_WARN_SUSPICIOUS_MOVE = YES;
				CLANG_WARN_UNGUARDED_AVAILABILITY = YES_AGGRESSIVE;
				CLANG_WARN_UNREACHABLE_CODE = YES;
				CLANG_WARN__DUPLICATE_METHOD_MATCH = YES;
				COPY_PHASE_STRIP = NO;
				DEBUG_INFORMATION_FORMAT = dwarf;
				ENABLE_STRICT_OBJC_MSGSEND = YES;
				ENABLE_TESTABILITY = YES;
				GCC_C_LANGUAGE_STANDARD = gnu11;
				GCC_DYNAMIC_NO_PIC = NO;
				GCC_NO_COMMON_BLOCKS = YES;
				GCC_OPTIMIZATION_LEVEL = 0;
				GCC_PREPROCESSOR_DEFINITIONS = (
					"DEBUG=1",
					"$(inherited)",
				);
				GCC_WARN_64_TO_32_BIT_CONVERSION = YES;
				GCC_WARN_ABOUT_RETURN_TYPE = YES_ERROR;
				GCC_WARN_UNDECLARED_SELECTOR = YES;
				GCC_WARN_UNINITIALIZED_AUTOS = YES_AGGRESSIVE;
				GCC_WARN_UNUSED_FUNCTION = YES;
				GCC_WARN_UNUSED_VARIABLE = YES;
				IPHONEOS_DEPLOYMENT_TARGET = 13.2;
				MTL_ENABLE_DEBUG_INFO = INCLUDE_SOURCE;
				MTL_FAST_MATH = YES;
				ONLY_ACTIVE_ARCH = YES;
				SDKROOT = iphoneos;
				SWIFT_ACTIVE_COMPILATION_CONDITIONS = DEBUG;
				SWIFT_OPTIMIZATION_LEVEL = "-Onone";
			};
			name = Debug;
		};
		A52732D3241ACB5A009E58C4 /* Release */ = {
			isa = XCBuildConfiguration;
			buildSettings = {
				ALWAYS_SEARCH_USER_PATHS = NO;
				CLANG_ANALYZER_NONNULL = YES;
				CLANG_ANALYZER_NUMBER_OBJECT_CONVERSION = YES_AGGRESSIVE;
				CLANG_CXX_LANGUAGE_STANDARD = "gnu++14";
				CLANG_CXX_LIBRARY = "libc++";
				CLANG_ENABLE_MODULES = YES;
				CLANG_ENABLE_OBJC_ARC = YES;
				CLANG_ENABLE_OBJC_WEAK = YES;
				CLANG_WARN_BLOCK_CAPTURE_AUTORELEASING = YES;
				CLANG_WARN_BOOL_CONVERSION = YES;
				CLANG_WARN_COMMA = YES;
				CLANG_WARN_CONSTANT_CONVERSION = YES;
				CLANG_WARN_DEPRECATED_OBJC_IMPLEMENTATIONS = YES;
				CLANG_WARN_DIRECT_OBJC_ISA_USAGE = YES_ERROR;
				CLANG_WARN_DOCUMENTATION_COMMENTS = YES;
				CLANG_WARN_EMPTY_BODY = YES;
				CLANG_WARN_ENUM_CONVERSION = YES;
				CLANG_WARN_INFINITE_RECURSION = YES;
				CLANG_WARN_INT_CONVERSION = YES;
				CLANG_WARN_NON_LITERAL_NULL_CONVERSION = YES;
				CLANG_WARN_OBJC_IMPLICIT_RETAIN_SELF = YES;
				CLANG_WARN_OBJC_LITERAL_CONVERSION = YES;
				CLANG_WARN_OBJC_ROOT_CLASS = YES_ERROR;
				CLANG_WARN_RANGE_LOOP_ANALYSIS = YES;
				CLANG_WARN_STRICT_PROTOTYPES = YES;
				CLANG_WARN_SUSPICIOUS_MOVE = YES;
				CLANG_WARN_UNGUARDED_AVAILABILITY = YES_AGGRESSIVE;
				CLANG_WARN_UNREACHABLE_CODE = YES;
				CLANG_WARN__DUPLICATE_METHOD_MATCH = YES;
				COPY_PHASE_STRIP = NO;
				DEBUG_INFORMATION_FORMAT = "dwarf-with-dsym";
				ENABLE_NS_ASSERTIONS = NO;
				ENABLE_STRICT_OBJC_MSGSEND = YES;
				GCC_C_LANGUAGE_STANDARD = gnu11;
				GCC_NO_COMMON_BLOCKS = YES;
				GCC_WARN_64_TO_32_BIT_CONVERSION = YES;
				GCC_WARN_ABOUT_RETURN_TYPE = YES_ERROR;
				GCC_WARN_UNDECLARED_SELECTOR = YES;
				GCC_WARN_UNINITIALIZED_AUTOS = YES_AGGRESSIVE;
				GCC_WARN_UNUSED_FUNCTION = YES;
				GCC_WARN_UNUSED_VARIABLE = YES;
				IPHONEOS_DEPLOYMENT_TARGET = 13.2;
				MTL_ENABLE_DEBUG_INFO = NO;
				MTL_FAST_MATH = YES;
				SDKROOT = iphoneos;
				SWIFT_COMPILATION_MODE = wholemodule;
				SWIFT_OPTIMIZATION_LEVEL = "-O";
				VALIDATE_PRODUCT = YES;
			};
			name = Release;
		};
		A52732D5241ACB5A009E58C4 /* Debug */ = {
			isa = XCBuildConfiguration;
			buildSettings = {
				ASSETCATALOG_COMPILER_APPICON_NAME = AppIcon;
				CODE_SIGN_ENTITLEMENTS = SpriteKitDemo/SpriteKitDemo.entitlements;
				CODE_SIGN_STYLE = Automatic;
				DERIVE_MACCATALYST_PRODUCT_BUNDLE_IDENTIFIER = YES;
				DEVELOPMENT_TEAM = P44F5PA4BT;
				INFOPLIST_FILE = SpriteKitDemo/Info.plist;
				LD_RUNPATH_SEARCH_PATHS = (
					"$(inherited)",
					"@executable_path/Frameworks",
				);
				PRODUCT_BUNDLE_IDENTIFIER = com.fewlinesofcode.SpriteKitDemo;
				PRODUCT_NAME = "$(TARGET_NAME)";
				SUPPORTS_MACCATALYST = YES;
				SWIFT_VERSION = 5.0;
				TARGETED_DEVICE_FAMILY = "1,2";
			};
			name = Debug;
		};
		A52732D6241ACB5A009E58C4 /* Release */ = {
			isa = XCBuildConfiguration;
			buildSettings = {
				ASSETCATALOG_COMPILER_APPICON_NAME = AppIcon;
				CODE_SIGN_ENTITLEMENTS = SpriteKitDemo/SpriteKitDemo.entitlements;
				CODE_SIGN_STYLE = Automatic;
				DERIVE_MACCATALYST_PRODUCT_BUNDLE_IDENTIFIER = YES;
				DEVELOPMENT_TEAM = P44F5PA4BT;
				INFOPLIST_FILE = SpriteKitDemo/Info.plist;
				LD_RUNPATH_SEARCH_PATHS = (
					"$(inherited)",
					"@executable_path/Frameworks",
				);
				PRODUCT_BUNDLE_IDENTIFIER = com.fewlinesofcode.SpriteKitDemo;
				PRODUCT_NAME = "$(TARGET_NAME)";
				SUPPORTS_MACCATALYST = YES;
				SWIFT_VERSION = 5.0;
				TARGETED_DEVICE_FAMILY = "1,2";
			};
			name = Release;
		};
/* End XCBuildConfiguration section */

/* Begin XCConfigurationList section */
		A52732B7241ACB54009E58C4 /* Build configuration list for PBXProject "SpriteKitDemo" */ = {
			isa = XCConfigurationList;
			buildConfigurations = (
				A52732D2241ACB5A009E58C4 /* Debug */,
				A52732D3241ACB5A009E58C4 /* Release */,
			);
			defaultConfigurationIsVisible = 0;
			defaultConfigurationName = Release;
		};
		A52732D4241ACB5A009E58C4 /* Build configuration list for PBXNativeTarget "SpriteKitDemo" */ = {
			isa = XCConfigurationList;
			buildConfigurations = (
				A52732D5241ACB5A009E58C4 /* Debug */,
				A52732D6241ACB5A009E58C4 /* Release */,
			);
			defaultConfigurationIsVisible = 0;
			defaultConfigurationName = Release;
		};
/* End XCConfigurationList section */
	};
	rootObject = A52732B4241ACB54009E58C4 /* Project object */;
}
